// !$*UTF8*$!
{
	archiveVersion = 1;
	classes = {
	};
	objectVersion = 77;
	objects = {

/* Begin PBXBuildFile section */
		9325586E2EB28D110037A696 /* Auth in Frameworks */ = {isa = PBXBuildFile; productRef = 9325586D2EB28D110037A696 /* Auth */; };
		932558702EB28D110037A696 /* Functions in Frameworks */ = {isa = PBXBuildFile; productRef = 9325586F2EB28D110037A696 /* Functions */; };
		932558722EB28D110037A696 /* PostgREST in Frameworks */ = {isa = PBXBuildFile; productRef = 932558712EB28D110037A696 /* PostgREST */; };
		932558742EB28D110037A696 /* Storage in Frameworks */ = {isa = PBXBuildFile; productRef = 932558732EB28D110037A696 /* Storage */; };
		932558772EB28F040037A696 /* Realtime in Frameworks */ = {isa = PBXBuildFile; productRef = 932558762EB28F040037A696 /* Realtime */; };
		932558792EB28F040037A696 /* Supabase in Frameworks */ = {isa = PBXBuildFile; productRef = 932558782EB28F040037A696 /* Supabase */; };
		938481D02EAD33870004282C /* HorizonCalendar in Frameworks */ = {isa = PBXBuildFile; productRef = 938481CF2EAD33870004282C /* HorizonCalendar */; };
		93CBB4D32EB7668E00002071 /* WidgetKit.framework in Frameworks */ = {isa = PBXBuildFile; fileRef = 93CBB4D22EB7668E00002071 /* WidgetKit.framework */; };
		93CBB4D52EB7668F00002071 /* SwiftUI.framework in Frameworks */ = {isa = PBXBuildFile; fileRef = 93CBB4D42EB7668F00002071 /* SwiftUI.framework */; };
		93CBB4E62EB7669100002071 /* DayRhythmWidgetExtension.appex in Embed Foundation Extensions */ = {isa = PBXBuildFile; fileRef = 93CBB4D12EB7668E00002071 /* DayRhythmWidgetExtension.appex */; settings = {ATTRIBUTES = (RemoveHeadersOnCopy, ); }; };
		93EF24D42EB348DB0051A5EE /* GoogleSignIn in Frameworks */ = {isa = PBXBuildFile; productRef = 93EF24D32EB348DB0051A5EE /* GoogleSignIn */; };
		93EF24D62EB348DB0051A5EE /* GoogleSignInSwift in Frameworks */ = {isa = PBXBuildFile; productRef = 93EF24D52EB348DB0051A5EE /* GoogleSignInSwift */; };
/* End PBXBuildFile section */

/* Begin PBXContainerItemProxy section */
		93CBB4E42EB7669100002071 /* PBXContainerItemProxy */ = {
			isa = PBXContainerItemProxy;
			containerPortal = 931835B22EA3AA7B00A96994 /* Project object */;
			proxyType = 1;
			remoteGlobalIDString = 93CBB4D02EB7668E00002071;
			remoteInfo = DayRhythmWidgetExtension;
		};
/* End PBXContainerItemProxy section */

/* Begin PBXCopyFilesBuildPhase section */
		93CBB4EB2EB7669100002071 /* Embed Foundation Extensions */ = {
			isa = PBXCopyFilesBuildPhase;
			buildActionMask = 2147483647;
			dstPath = "";
			dstSubfolderSpec = 13;
			files = (
				93CBB4E62EB7669100002071 /* DayRhythmWidgetExtension.appex in Embed Foundation Extensions */,
			);
			name = "Embed Foundation Extensions";
			runOnlyForDeploymentPostprocessing = 0;
		};
/* End PBXCopyFilesBuildPhase section */

/* Begin PBXFileReference section */
		931835BA2EA3AA7B00A96994 /* DayRhythm AI.app */ = {isa = PBXFileReference; explicitFileType = wrapper.application; includeInIndex = 0; path = "DayRhythm AI.app"; sourceTree = BUILT_PRODUCTS_DIR; };
		93CBB4D12EB7668E00002071 /* DayRhythmWidgetExtension.appex */ = {isa = PBXFileReference; explicitFileType = "wrapper.app-extension"; includeInIndex = 0; path = DayRhythmWidgetExtension.appex; sourceTree = BUILT_PRODUCTS_DIR; };
		93CBB4D22EB7668E00002071 /* WidgetKit.framework */ = {isa = PBXFileReference; lastKnownFileType = wrapper.framework; name = WidgetKit.framework; path = System/Library/Frameworks/WidgetKit.framework; sourceTree = SDKROOT; };
		93CBB4D42EB7668F00002071 /* SwiftUI.framework */ = {isa = PBXFileReference; lastKnownFileType = wrapper.framework; name = SwiftUI.framework; path = System/Library/Frameworks/SwiftUI.framework; sourceTree = SDKROOT; };
		93CBB4F72EB7679B00002071 /* DayRhythmWidgetExtension.entitlements */ = {isa = PBXFileReference; lastKnownFileType = text.plist.entitlements; path = DayRhythmWidgetExtension.entitlements; sourceTree = "<group>"; };
/* End PBXFileReference section */

/* Begin PBXFileSystemSynchronizedBuildFileExceptionSet section */
		93CBB4E72EB7669100002071 /* Exceptions for "DayRhythmWidget" folder in "DayRhythmWidgetExtension" target */ = {
			isa = PBXFileSystemSynchronizedBuildFileExceptionSet;
			membershipExceptions = (
				Info.plist,
			);
			target = 93CBB4D02EB7668E00002071 /* DayRhythmWidgetExtension */;
		};
/* End PBXFileSystemSynchronizedBuildFileExceptionSet section */

/* Begin PBXFileSystemSynchronizedRootGroup section */
		931835BC2EA3AA7B00A96994 /* DayRhythm AI */ = {
			isa = PBXFileSystemSynchronizedRootGroup;
			path = "DayRhythm AI";
			sourceTree = "<group>";
		};
		93CBB4D62EB7668F00002071 /* DayRhythmWidget */ = {
			isa = PBXFileSystemSynchronizedRootGroup;
			exceptions = (
				93CBB4E72EB7669100002071 /* Exceptions for "DayRhythmWidget" folder in "DayRhythmWidgetExtension" target */,
			);
			path = DayRhythmWidget;
			sourceTree = "<group>";
		};
/* End PBXFileSystemSynchronizedRootGroup section */

/* Begin PBXFrameworksBuildPhase section */
		931835B72EA3AA7B00A96994 /* Frameworks */ = {
			isa = PBXFrameworksBuildPhase;
			buildActionMask = 2147483647;
			files = (
				93EF24D62EB348DB0051A5EE /* GoogleSignInSwift in Frameworks */,
				932558792EB28F040037A696 /* Supabase in Frameworks */,
				93EF24D42EB348DB0051A5EE /* GoogleSignIn in Frameworks */,
				932558722EB28D110037A696 /* PostgREST in Frameworks */,
				932558702EB28D110037A696 /* Functions in Frameworks */,
				9325586E2EB28D110037A696 /* Auth in Frameworks */,
				932558772EB28F040037A696 /* Realtime in Frameworks */,
				932558742EB28D110037A696 /* Storage in Frameworks */,
				938481D02EAD33870004282C /* HorizonCalendar in Frameworks */,
			);
			runOnlyForDeploymentPostprocessing = 0;
		};
		93CBB4CE2EB7668E00002071 /* Frameworks */ = {
			isa = PBXFrameworksBuildPhase;
			buildActionMask = 2147483647;
			files = (
				93CBB4D52EB7668F00002071 /* SwiftUI.framework in Frameworks */,
				93CBB4D32EB7668E00002071 /* WidgetKit.framework in Frameworks */,
			);
			runOnlyForDeploymentPostprocessing = 0;
		};
/* End PBXFrameworksBuildPhase section */

/* Begin PBXGroup section */
		931835B12EA3AA7B00A96994 = {
			isa = PBXGroup;
			children = (
				93CBB4F72EB7679B00002071 /* DayRhythmWidgetExtension.entitlements */,
				931835BC2EA3AA7B00A96994 /* DayRhythm AI */,
				93CBB4D62EB7668F00002071 /* DayRhythmWidget */,
				932558752EB28F040037A696 /* Frameworks */,
				931835BB2EA3AA7B00A96994 /* Products */,
			);
			sourceTree = "<group>";
		};
		931835BB2EA3AA7B00A96994 /* Products */ = {
			isa = PBXGroup;
			children = (
				931835BA2EA3AA7B00A96994 /* DayRhythm AI.app */,
				93CBB4D12EB7668E00002071 /* DayRhythmWidgetExtension.appex */,
			);
			name = Products;
			sourceTree = "<group>";
		};
		932558752EB28F040037A696 /* Frameworks */ = {
			isa = PBXGroup;
			children = (
				93CBB4D22EB7668E00002071 /* WidgetKit.framework */,
				93CBB4D42EB7668F00002071 /* SwiftUI.framework */,
			);
			name = Frameworks;
			sourceTree = "<group>";
		};
/* End PBXGroup section */

/* Begin PBXNativeTarget section */
		931835B92EA3AA7B00A96994 /* DayRhythm AI */ = {
			isa = PBXNativeTarget;
			buildConfigurationList = 931835C52EA3AA7D00A96994 /* Build configuration list for PBXNativeTarget "DayRhythm AI" */;
			buildPhases = (
				931835B62EA3AA7B00A96994 /* Sources */,
				931835B72EA3AA7B00A96994 /* Frameworks */,
				931835B82EA3AA7B00A96994 /* Resources */,
				93CBB4EB2EB7669100002071 /* Embed Foundation Extensions */,
			);
			buildRules = (
			);
			dependencies = (
				93CBB4E52EB7669100002071 /* PBXTargetDependency */,
			);
			fileSystemSynchronizedGroups = (
				931835BC2EA3AA7B00A96994 /* DayRhythm AI */,
			);
			name = "DayRhythm AI";
			packageProductDependencies = (
				938481CF2EAD33870004282C /* HorizonCalendar */,
				9325586D2EB28D110037A696 /* Auth */,
				9325586F2EB28D110037A696 /* Functions */,
				932558712EB28D110037A696 /* PostgREST */,
				932558732EB28D110037A696 /* Storage */,
				932558762EB28F040037A696 /* Realtime */,
				932558782EB28F040037A696 /* Supabase */,
				93EF24D32EB348DB0051A5EE /* GoogleSignIn */,
				93EF24D52EB348DB0051A5EE /* GoogleSignInSwift */,
			);
			productName = "DayRhythm AI";
			productReference = 931835BA2EA3AA7B00A96994 /* DayRhythm AI.app */;
			productType = "com.apple.product-type.application";
		};
		93CBB4D02EB7668E00002071 /* DayRhythmWidgetExtension */ = {
			isa = PBXNativeTarget;
			buildConfigurationList = 93CBB4E82EB7669100002071 /* Build configuration list for PBXNativeTarget "DayRhythmWidgetExtension" */;
			buildPhases = (
				93CBB4CD2EB7668E00002071 /* Sources */,
				93CBB4CE2EB7668E00002071 /* Frameworks */,
				93CBB4CF2EB7668E00002071 /* Resources */,
			);
			buildRules = (
			);
			dependencies = (
			);
			fileSystemSynchronizedGroups = (
				93CBB4D62EB7668F00002071 /* DayRhythmWidget */,
			);
			name = DayRhythmWidgetExtension;
			packageProductDependencies = (
			);
			productName = DayRhythmWidgetExtension;
			productReference = 93CBB4D12EB7668E00002071 /* DayRhythmWidgetExtension.appex */;
			productType = "com.apple.product-type.app-extension";
		};
/* End PBXNativeTarget section */

/* Begin PBXProject section */
		931835B22EA3AA7B00A96994 /* Project object */ = {
			isa = PBXProject;
			attributes = {
				BuildIndependentTargetsInParallel = 1;
				LastSwiftUpdateCheck = 2600;
				LastUpgradeCheck = 2600;
				TargetAttributes = {
					931835B92EA3AA7B00A96994 = {
						CreatedOnToolsVersion = 26.0.1;
					};
					93CBB4D02EB7668E00002071 = {
						CreatedOnToolsVersion = 26.0.1;
					};
				};
			};
			buildConfigurationList = 931835B52EA3AA7B00A96994 /* Build configuration list for PBXProject "DayRhythm AI" */;
			developmentRegion = en;
			hasScannedForEncodings = 0;
			knownRegions = (
				en,
				Base,
			);
			mainGroup = 931835B12EA3AA7B00A96994;
			minimizedProjectReferenceProxies = 1;
			packageReferences = (
				938481CE2EAD33870004282C /* XCRemoteSwiftPackageReference "HorizonCalendar" */,
				9325586C2EB28D110037A696 /* XCRemoteSwiftPackageReference "supabase-swift" */,
				93EF24D22EB348DB0051A5EE /* XCRemoteSwiftPackageReference "GoogleSignIn-iOS" */,
			);
			preferredProjectObjectVersion = 77;
			productRefGroup = 931835BB2EA3AA7B00A96994 /* Products */;
			projectDirPath = "";
			projectRoot = "";
			targets = (
				931835B92EA3AA7B00A96994 /* DayRhythm AI */,
				93CBB4D02EB7668E00002071 /* DayRhythmWidgetExtension */,
			);
		};
/* End PBXProject section */

/* Begin PBXResourcesBuildPhase section */
		931835B82EA3AA7B00A96994 /* Resources */ = {
			isa = PBXResourcesBuildPhase;
			buildActionMask = 2147483647;
			files = (
			);
			runOnlyForDeploymentPostprocessing = 0;
		};
		93CBB4CF2EB7668E00002071 /* Resources */ = {
			isa = PBXResourcesBuildPhase;
			buildActionMask = 2147483647;
			files = (
			);
			runOnlyForDeploymentPostprocessing = 0;
		};
/* End PBXResourcesBuildPhase section */

/* Begin PBXSourcesBuildPhase section */
		931835B62EA3AA7B00A96994 /* Sources */ = {
			isa = PBXSourcesBuildPhase;
			buildActionMask = 2147483647;
			files = (
			);
			runOnlyForDeploymentPostprocessing = 0;
		};
		93CBB4CD2EB7668E00002071 /* Sources */ = {
			isa = PBXSourcesBuildPhase;
			buildActionMask = 2147483647;
			files = (
			);
			runOnlyForDeploymentPostprocessing = 0;
		};
/* End PBXSourcesBuildPhase section */

/* Begin PBXTargetDependency section */
		93CBB4E52EB7669100002071 /* PBXTargetDependency */ = {
			isa = PBXTargetDependency;
			target = 93CBB4D02EB7668E00002071 /* DayRhythmWidgetExtension */;
			targetProxy = 93CBB4E42EB7669100002071 /* PBXContainerItemProxy */;
		};
/* End PBXTargetDependency section */

/* Begin XCBuildConfiguration section */
		931835C32EA3AA7D00A96994 /* Debug */ = {
			isa = XCBuildConfiguration;
			buildSettings = {
				ALWAYS_SEARCH_USER_PATHS = NO;
				ASSETCATALOG_COMPILER_GENERATE_SWIFT_ASSET_SYMBOL_EXTENSIONS = YES;
				CLANG_ANALYZER_NONNULL = YES;
				CLANG_ANALYZER_NUMBER_OBJECT_CONVERSION = YES_AGGRESSIVE;
				CLANG_CXX_LANGUAGE_STANDARD = "gnu++20";
				CLANG_ENABLE_MODULES = YES;
				CLANG_ENABLE_OBJC_ARC = YES;
				CLANG_ENABLE_OBJC_WEAK = YES;
				CLANG_WARN_BLOCK_CAPTURE_AUTORELEASING = YES;
				CLANG_WARN_BOOL_CONVERSION = YES;
				CLANG_WARN_COMMA = YES;
				CLANG_WARN_CONSTANT_CONVERSION = YES;
				CLANG_WARN_DEPRECATED_OBJC_IMPLEMENTATIONS = YES;
				CLANG_WARN_DIRECT_OBJC_ISA_USAGE = YES_ERROR;
				CLANG_WARN_DOCUMENTATION_COMMENTS = YES;
				CLANG_WARN_EMPTY_BODY = YES;
				CLANG_WARN_ENUM_CONVERSION = YES;
				CLANG_WARN_INFINITE_RECURSION = YES;
				CLANG_WARN_INT_CONVERSION = YES;
				CLANG_WARN_NON_LITERAL_NULL_CONVERSION = YES;
				CLANG_WARN_OBJC_IMPLICIT_RETAIN_SELF = YES;
				CLANG_WARN_OBJC_LITERAL_CONVERSION = YES;
				CLANG_WARN_OBJC_ROOT_CLASS = YES_ERROR;
				CLANG_WARN_QUOTED_INCLUDE_IN_FRAMEWORK_HEADER = YES;
				CLANG_WARN_RANGE_LOOP_ANALYSIS = YES;
				CLANG_WARN_STRICT_PROTOTYPES = YES;
				CLANG_WARN_SUSPICIOUS_MOVE = YES;
				CLANG_WARN_UNGUARDED_AVAILABILITY = YES_AGGRESSIVE;
				CLANG_WARN_UNREACHABLE_CODE = YES;
				CLANG_WARN__DUPLICATE_METHOD_MATCH = YES;
				COPY_PHASE_STRIP = NO;
				DEBUG_INFORMATION_FORMAT = dwarf;
				DEVELOPMENT_TEAM = 3V9DH6TBUG;
				ENABLE_STRICT_OBJC_MSGSEND = YES;
				ENABLE_TESTABILITY = YES;
				ENABLE_USER_SCRIPT_SANDBOXING = YES;
				GCC_C_LANGUAGE_STANDARD = gnu17;
				GCC_DYNAMIC_NO_PIC = NO;
				GCC_NO_COMMON_BLOCKS = YES;
				GCC_OPTIMIZATION_LEVEL = 0;
				GCC_PREPROCESSOR_DEFINITIONS = (
					"DEBUG=1",
					"$(inherited)",
				);
				GCC_WARN_64_TO_32_BIT_CONVERSION = YES;
				GCC_WARN_ABOUT_RETURN_TYPE = YES_ERROR;
				GCC_WARN_UNDECLARED_SELECTOR = YES;
				GCC_WARN_UNINITIALIZED_AUTOS = YES_AGGRESSIVE;
				GCC_WARN_UNUSED_FUNCTION = YES;
				GCC_WARN_UNUSED_VARIABLE = YES;
				IPHONEOS_DEPLOYMENT_TARGET = 26.0;
				LOCALIZATION_PREFERS_STRING_CATALOGS = YES;
				MTL_ENABLE_DEBUG_INFO = INCLUDE_SOURCE;
				MTL_FAST_MATH = YES;
				ONLY_ACTIVE_ARCH = YES;
				SDKROOT = iphoneos;
				SWIFT_ACTIVE_COMPILATION_CONDITIONS = "DEBUG $(inherited)";
				SWIFT_OPTIMIZATION_LEVEL = "-Onone";
			};
			name = Debug;
		};
		931835C42EA3AA7D00A96994 /* Release */ = {
			isa = XCBuildConfiguration;
			buildSettings = {
				ALWAYS_SEARCH_USER_PATHS = NO;
				ASSETCATALOG_COMPILER_GENERATE_SWIFT_ASSET_SYMBOL_EXTENSIONS = YES;
				CLANG_ANALYZER_NONNULL = YES;
				CLANG_ANALYZER_NUMBER_OBJECT_CONVERSION = YES_AGGRESSIVE;
				CLANG_CXX_LANGUAGE_STANDARD = "gnu++20";
				CLANG_ENABLE_MODULES = YES;
				CLANG_ENABLE_OBJC_ARC = YES;
				CLANG_ENABLE_OBJC_WEAK = YES;
				CLANG_WARN_BLOCK_CAPTURE_AUTORELEASING = YES;
				CLANG_WARN_BOOL_CONVERSION = YES;
				CLANG_WARN_COMMA = YES;
				CLANG_WARN_CONSTANT_CONVERSION = YES;
				CLANG_WARN_DEPRECATED_OBJC_IMPLEMENTATIONS = YES;
				CLANG_WARN_DIRECT_OBJC_ISA_USAGE = YES_ERROR;
				CLANG_WARN_DOCUMENTATION_COMMENTS = YES;
				CLANG_WARN_EMPTY_BODY = YES;
				CLANG_WARN_ENUM_CONVERSION = YES;
				CLANG_WARN_INFINITE_RECURSION = YES;
				CLANG_WARN_INT_CONVERSION = YES;
				CLANG_WARN_NON_LITERAL_NULL_CONVERSION = YES;
				CLANG_WARN_OBJC_IMPLICIT_RETAIN_SELF = YES;
				CLANG_WARN_OBJC_LITERAL_CONVERSION = YES;
				CLANG_WARN_OBJC_ROOT_CLASS = YES_ERROR;
				CLANG_WARN_QUOTED_INCLUDE_IN_FRAMEWORK_HEADER = YES;
				CLANG_WARN_RANGE_LOOP_ANALYSIS = YES;
				CLANG_WARN_STRICT_PROTOTYPES = YES;
				CLANG_WARN_SUSPICIOUS_MOVE = YES;
				CLANG_WARN_UNGUARDED_AVAILABILITY = YES_AGGRESSIVE;
				CLANG_WARN_UNREACHABLE_CODE = YES;
				CLANG_WARN__DUPLICATE_METHOD_MATCH = YES;
				COPY_PHASE_STRIP = NO;
				DEBUG_INFORMATION_FORMAT = "dwarf-with-dsym";
				DEVELOPMENT_TEAM = 3V9DH6TBUG;
				ENABLE_NS_ASSERTIONS = NO;
				ENABLE_STRICT_OBJC_MSGSEND = YES;
				ENABLE_USER_SCRIPT_SANDBOXING = YES;
				GCC_C_LANGUAGE_STANDARD = gnu17;
				GCC_NO_COMMON_BLOCKS = YES;
				GCC_WARN_64_TO_32_BIT_CONVERSION = YES;
				GCC_WARN_ABOUT_RETURN_TYPE = YES_ERROR;
				GCC_WARN_UNDECLARED_SELECTOR = YES;
				GCC_WARN_UNINITIALIZED_AUTOS = YES_AGGRESSIVE;
				GCC_WARN_UNUSED_FUNCTION = YES;
				GCC_WARN_UNUSED_VARIABLE = YES;
				IPHONEOS_DEPLOYMENT_TARGET = 26.0;
				LOCALIZATION_PREFERS_STRING_CATALOGS = YES;
				MTL_ENABLE_DEBUG_INFO = NO;
				MTL_FAST_MATH = YES;
				SDKROOT = iphoneos;
				SWIFT_COMPILATION_MODE = wholemodule;
				VALIDATE_PRODUCT = YES;
			};
			name = Release;
		};
		931835C62EA3AA7D00A96994 /* Debug */ = {
			isa = XCBuildConfiguration;
			buildSettings = {
				ASSETCATALOG_COMPILER_APPICON_NAME = AppIcon;
				ASSETCATALOG_COMPILER_GLOBAL_ACCENT_COLOR_NAME = AccentColor;
				CODE_SIGN_ENTITLEMENTS = "DayRhythm AI/DayRhythm AI.entitlements";
				CODE_SIGN_STYLE = Automatic;
				CURRENT_PROJECT_VERSION = 1;
				DEVELOPMENT_TEAM = 3V9DH6TBUG;
				ENABLE_PREVIEWS = YES;
				GENERATE_INFOPLIST_FILE = YES;
				INFOPLIST_FILE = "DayRhythm-AI-Info.plist";
				INFOPLIST_KEY_UIApplicationSceneManifest_Generation = YES;
				INFOPLIST_KEY_UIApplicationSupportsIndirectInputEvents = YES;
				INFOPLIST_KEY_UILaunchScreen_Generation = YES;
				INFOPLIST_KEY_UISupportedInterfaceOrientations_iPad = "UIInterfaceOrientationPortrait UIInterfaceOrientationPortraitUpsideDown UIInterfaceOrientationLandscapeLeft UIInterfaceOrientationLandscapeRight";
				INFOPLIST_KEY_UISupportedInterfaceOrientations_iPhone = "UIInterfaceOrientationPortrait UIInterfaceOrientationLandscapeLeft UIInterfaceOrientationLandscapeRight";
				LD_RUNPATH_SEARCH_PATHS = (
					"$(inherited)",
					"@executable_path/Frameworks",
				);
				MARKETING_VERSION = 1.0;
				PRODUCT_BUNDLE_IDENTIFIER = "kartikay.DayRhythm-AI";
				PRODUCT_NAME = "$(TARGET_NAME)";
				STRING_CATALOG_GENERATE_SYMBOLS = YES;
				SWIFT_APPROACHABLE_CONCURRENCY = YES;
				SWIFT_DEFAULT_ACTOR_ISOLATION = MainActor;
				SWIFT_EMIT_LOC_STRINGS = YES;
				SWIFT_UPCOMING_FEATURE_MEMBER_IMPORT_VISIBILITY = YES;
				SWIFT_VERSION = 5.0;
				TARGETED_DEVICE_FAMILY = "1,2";
			};
			name = Debug;
		};
		931835C72EA3AA7D00A96994 /* Release */ = {
			isa = XCBuildConfiguration;
			buildSettings = {
				ASSETCATALOG_COMPILER_APPICON_NAME = AppIcon;
				ASSETCATALOG_COMPILER_GLOBAL_ACCENT_COLOR_NAME = AccentColor;
				CODE_SIGN_ENTITLEMENTS = "DayRhythm AI/DayRhythm AI.entitlements";
				CODE_SIGN_STYLE = Automatic;
				CURRENT_PROJECT_VERSION = 1;
				DEVELOPMENT_TEAM = 3V9DH6TBUG;
				ENABLE_PREVIEWS = YES;
				GENERATE_INFOPLIST_FILE = YES;
				INFOPLIST_FILE = "DayRhythm-AI-Info.plist";
				INFOPLIST_KEY_UIApplicationSceneManifest_Generation = YES;
				INFOPLIST_KEY_UIApplicationSupportsIndirectInputEvents = YES;
				INFOPLIST_KEY_UILaunchScreen_Generation = YES;
				INFOPLIST_KEY_UISupportedInterfaceOrientations_iPad = "UIInterfaceOrientationPortrait UIInterfaceOrientationPortraitUpsideDown UIInterfaceOrientationLandscapeLeft UIInterfaceOrientationLandscapeRight";
				INFOPLIST_KEY_UISupportedInterfaceOrientations_iPhone = "UIInterfaceOrientationPortrait UIInterfaceOrientationLandscapeLeft UIInterfaceOrientationLandscapeRight";
				LD_RUNPATH_SEARCH_PATHS = (
					"$(inherited)",
					"@executable_path/Frameworks",
				);
				MARKETING_VERSION = 1.0;
				PRODUCT_BUNDLE_IDENTIFIER = "kartikay.DayRhythm-AI";
				PRODUCT_NAME = "$(TARGET_NAME)";
				STRING_CATALOG_GENERATE_SYMBOLS = YES;
				SWIFT_APPROACHABLE_CONCURRENCY = YES;
				SWIFT_DEFAULT_ACTOR_ISOLATION = MainActor;
				SWIFT_EMIT_LOC_STRINGS = YES;
				SWIFT_UPCOMING_FEATURE_MEMBER_IMPORT_VISIBILITY = YES;
				SWIFT_VERSION = 5.0;
				TARGETED_DEVICE_FAMILY = "1,2";
			};
			name = Release;
		};
		93CBB4E92EB7669100002071 /* Debug */ = {
			isa = XCBuildConfiguration;
			buildSettings = {
				ASSETCATALOG_COMPILER_GLOBAL_ACCENT_COLOR_NAME = AccentColor;
				ASSETCATALOG_COMPILER_WIDGET_BACKGROUND_COLOR_NAME = WidgetBackground;
				CODE_SIGN_ENTITLEMENTS = DayRhythmWidgetExtension.entitlements;
				CODE_SIGN_STYLE = Automatic;
				CURRENT_PROJECT_VERSION = 1;
				DEVELOPMENT_TEAM = 3V9DH6TBUG;
				GENERATE_INFOPLIST_FILE = YES;
				INFOPLIST_FILE = DayRhythmWidget/Info.plist;
				INFOPLIST_KEY_CFBundleDisplayName = DayRhythmWidget;
				INFOPLIST_KEY_NSHumanReadableCopyright = "";
				LD_RUNPATH_SEARCH_PATHS = (
					"$(inherited)",
					"@executable_path/Frameworks",
					"@executable_path/../../Frameworks",
				);
				MARKETING_VERSION = 1.0;
				PRODUCT_BUNDLE_IDENTIFIER = "kartikay.DayRhythm-AI.DayRhythmWidget";
				PRODUCT_NAME = "$(TARGET_NAME)";
				SKIP_INSTALL = YES;
				STRING_CATALOG_GENERATE_SYMBOLS = YES;
				SWIFT_APPROACHABLE_CONCURRENCY = YES;
				SWIFT_EMIT_LOC_STRINGS = YES;
				SWIFT_UPCOMING_FEATURE_MEMBER_IMPORT_VISIBILITY = YES;
				SWIFT_VERSION = 5.0;
				TARGETED_DEVICE_FAMILY = "1,2";
			};
			name = Debug;
		};
		93CBB4EA2EB7669100002071 /* Release */ = {
			isa = XCBuildConfiguration;
			buildSettings = {
				ASSETCATALOG_COMPILER_GLOBAL_ACCENT_COLOR_NAME = AccentColor;
				ASSETCATALOG_COMPILER_WIDGET_BACKGROUND_COLOR_NAME = WidgetBackground;
				CODE_SIGN_ENTITLEMENTS = DayRhythmWidgetExtension.entitlements;
				CODE_SIGN_STYLE = Automatic;
				CURRENT_PROJECT_VERSION = 1;
				DEVELOPMENT_TEAM = 3V9DH6TBUG;
				GENERATE_INFOPLIST_FILE = YES;
				INFOPLIST_FILE = DayRhythmWidget/Info.plist;
				INFOPLIST_KEY_CFBundleDisplayName = DayRhythmWidget;
				INFOPLIST_KEY_NSHumanReadableCopyright = "";
				LD_RUNPATH_SEARCH_PATHS = (
					"$(inherited)",
					"@executable_path/Frameworks",
					"@executable_path/../../Frameworks",
				);
				MARKETING_VERSION = 1.0;
				PRODUCT_BUNDLE_IDENTIFIER = "kartikay.DayRhythm-AI.DayRhythmWidget";
				PRODUCT_NAME = "$(TARGET_NAME)";
				SKIP_INSTALL = YES;
				STRING_CATALOG_GENERATE_SYMBOLS = YES;
				SWIFT_APPROACHABLE_CONCURRENCY = YES;
				SWIFT_EMIT_LOC_STRINGS = YES;
				SWIFT_UPCOMING_FEATURE_MEMBER_IMPORT_VISIBILITY = YES;
				SWIFT_VERSION = 5.0;
				TARGETED_DEVICE_FAMILY = "1,2";
			};
			name = Release;
		};
/* End XCBuildConfiguration section */

/* Begin XCConfigurationList section */
		931835B52EA3AA7B00A96994 /* Build configuration list for PBXProject "DayRhythm AI" */ = {
			isa = XCConfigurationList;
			buildConfigurations = (
				931835C32EA3AA7D00A96994 /* Debug */,
				931835C42EA3AA7D00A96994 /* Release */,
			);
			defaultConfigurationIsVisible = 0;
			defaultConfigurationName = Release;
		};
		931835C52EA3AA7D00A96994 /* Build configuration list for PBXNativeTarget "DayRhythm AI" */ = {
			isa = XCConfigurationList;
			buildConfigurations = (
				931835C62EA3AA7D00A96994 /* Debug */,
				931835C72EA3AA7D00A96994 /* Release */,
			);
			defaultConfigurationIsVisible = 0;
			defaultConfigurationName = Release;
		};
		93CBB4E82EB7669100002071 /* Build configuration list for PBXNativeTarget "DayRhythmWidgetExtension" */ = {
			isa = XCConfigurationList;
			buildConfigurations = (
				93CBB4E92EB7669100002071 /* Debug */,
				93CBB4EA2EB7669100002071 /* Release */,
			);
			defaultConfigurationIsVisible = 0;
			defaultConfigurationName = Release;
		};
/* End XCConfigurationList section */

/* Begin XCRemoteSwiftPackageReference section */
		9325586C2EB28D110037A696 /* XCRemoteSwiftPackageReference "supabase-swift" */ = {
			isa = XCRemoteSwiftPackageReference;
			repositoryURL = "https://github.com/supabase/supabase-swift.git";
			requirement = {
				kind = upToNextMajorVersion;
				minimumVersion = 2.5.1;
			};
		};
		938481CE2EAD33870004282C /* XCRemoteSwiftPackageReference "HorizonCalendar" */ = {
			isa = XCRemoteSwiftPackageReference;
			repositoryURL = "https://github.com/airbnb/HorizonCalendar";
			requirement = {
				branch = master;
				kind = branch;
			};
		};
		93EF24D22EB348DB0051A5EE /* XCRemoteSwiftPackageReference "GoogleSignIn-iOS" */ = {
			isa = XCRemoteSwiftPackageReference;
			repositoryURL = "https://github.com/google/GoogleSignIn-iOS";
			requirement = {
				kind = upToNextMajorVersion;
				minimumVersion = 9.0.0;
			};
		};
/* End XCRemoteSwiftPackageReference section */

/* Begin XCSwiftPackageProductDependency section */
		9325586D2EB28D110037A696 /* Auth */ = {
			isa = XCSwiftPackageProductDependency;
			package = 9325586C2EB28D110037A696 /* XCRemoteSwiftPackageReference "supabase-swift" */;
			productName = Auth;
		};
		9325586F2EB28D110037A696 /* Functions */ = {
			isa = XCSwiftPackageProductDependency;
			package = 9325586C2EB28D110037A696 /* XCRemoteSwiftPackageReference "supabase-swift" */;
			productName = Functions;
		};
		932558712EB28D110037A696 /* PostgREST */ = {
			isa = XCSwiftPackageProductDependency;
			package = 9325586C2EB28D110037A696 /* XCRemoteSwiftPackageReference "supabase-swift" */;
			productName = PostgREST;
		};
		932558732EB28D110037A696 /* Storage */ = {
			isa = XCSwiftPackageProductDependency;
			package = 9325586C2EB28D110037A696 /* XCRemoteSwiftPackageReference "supabase-swift" */;
			productName = Storage;
		};
		932558762EB28F040037A696 /* Realtime */ = {
			isa = XCSwiftPackageProductDependency;
			package = 9325586C2EB28D110037A696 /* XCRemoteSwiftPackageReference "supabase-swift" */;
			productName = Realtime;
		};
		932558782EB28F040037A696 /* Supabase */ = {
			isa = XCSwiftPackageProductDependency;
			package = 9325586C2EB28D110037A696 /* XCRemoteSwiftPackageReference "supabase-swift" */;
			productName = Supabase;
		};
		938481CF2EAD33870004282C /* HorizonCalendar */ = {
			isa = XCSwiftPackageProductDependency;
			package = 938481CE2EAD33870004282C /* XCRemoteSwiftPackageReference "HorizonCalendar" */;
			productName = HorizonCalendar;
		};
		93EF24D32EB348DB0051A5EE /* GoogleSignIn */ = {
			isa = XCSwiftPackageProductDependency;
			package = 93EF24D22EB348DB0051A5EE /* XCRemoteSwiftPackageReference "GoogleSignIn-iOS" */;
			productName = GoogleSignIn;
		};
		93EF24D52EB348DB0051A5EE /* GoogleSignInSwift */ = {
			isa = XCSwiftPackageProductDependency;
			package = 93EF24D22EB348DB0051A5EE /* XCRemoteSwiftPackageReference "GoogleSignIn-iOS" */;
			productName = GoogleSignInSwift;
		};
/* End XCSwiftPackageProductDependency section */
	};
	rootObject = 931835B22EA3AA7B00A96994 /* Project object */;
}
